[[package]]
name = "aiocontextvars"
version = "0.2.2"
description = "Asyncio support for PEP-567 contextvars backport."
category = "main"
optional = false
python-versions = ">=3.5"

[package.dependencies]
contextvars = {version = "2.4", markers = "python_version < \"3.7\""}

[[package]]
name = "atomicwrites"
version = "1.4.1"
description = "Atomic file writes."
category = "dev"
optional = false
python-versions = ">=2.7, !=3.0.*, !=3.1.*, !=3.2.*, !=3.3.*"

[[package]]
name = "attrs"
version = "22.2.0"
description = "Classes Without Boilerplate"
category = "dev"
optional = false
python-versions = ">=3.6"

[package.extras]
cov = ["attrs", "coverage-enable-subprocess", "coverage[toml] (>=5.3)"]
dev = ["attrs"]
docs = ["furo", "myst-parser", "sphinx", "sphinx-notfound-page", "sphinxcontrib-towncrier", "towncrier", "zope.interface"]
tests = ["attrs", "zope.interface"]
tests-no-zope = ["cloudpickle", "hypothesis", "mypy (>=0.971,<0.990)", "pympler", "pytest (>=4.3.0)", "pytest-mypy-plugins", "pytest-xdist"]
tests_no_zope = ["cloudpickle", "hypothesis", "mypy (>=0.971,<0.990)", "pympler", "pytest (>=4.3.0)", "pytest-mypy-plugins", "pytest-xdist"]

[[package]]
name = "backports.zoneinfo"
version = "0.2.1"
description = "Backport of the standard library zoneinfo module"
category = "main"
optional = false
python-versions = ">=3.6"

[package.dependencies]
importlib-resources = {version = "*", markers = "python_version < \"3.7\""}

[package.extras]
tzdata = ["tzdata"]

[[package]]
name = "cfgv"
version = "3.3.1"
description = "Validate configuration and produce human readable error messages."
category = "dev"
optional = false
python-versions = ">=3.6.1"

[[package]]
name = "colorama"
version = "0.4.5"
description = "Cross-platform colored terminal text."
category = "main"
optional = false
python-versions = ">=2.7, !=3.0.*, !=3.1.*, !=3.2.*, !=3.3.*, !=3.4.*"

[[package]]
name = "contextvars"
version = "2.4"
description = "PEP 567 Backport"
category = "main"
optional = false
python-versions = "*"

[package.dependencies]
immutables = ">=0.9"

[[package]]
name = "coverage"
version = "6.2"
description = "Code coverage measurement for Python"
category = "dev"
optional = false
python-versions = ">=3.6"

[package.dependencies]
tomli = {version = "*", optional = true, markers = "extra == \"toml\""}

[package.extras]
toml = ["tomli"]

[[package]]
name = "dataclasses"
version = "0.8"
description = "A backport of the dataclasses module for Python 3.6"
category = "main"
optional = false
python-versions = ">=3.6, <3.7"

[[package]]
name = "dateparser"
version = "1.1.3"
description = "Date parsing library designed to parse dates from HTML pages"
category = "main"
optional = false
python-versions = ">=3.5"

[package.dependencies]
python-dateutil = "*"
pytz = "*"
regex = "<2019.02.19 || >2019.02.19,<2021.8.27 || >2021.8.27,<2022.3.15"
tzlocal = "*"

[package.extras]
calendars = ["convertdate", "convertdate", "hijri-converter"]
fasttext = ["fasttext"]
langdetect = ["langdetect"]

[[package]]
name = "distlib"
version = "0.3.9"
description = "Distribution utilities"
category = "dev"
optional = false
python-versions = "*"

[[package]]
name = "filelock"
version = "3.4.1"
description = "A platform independent file lock."
category = "dev"
optional = false
python-versions = ">=3.6"

[package.extras]
docs = ["furo (>=2021.8.17b43)", "sphinx (>=4.1)", "sphinx-autodoc-typehints (>=1.12)"]
testing = ["covdefaults (>=1.2.0)", "coverage (>=4)", "pytest (>=4)", "pytest-cov", "pytest-timeout (>=1.4.2)"]

[[package]]
name = "identify"
version = "2.4.4"
description = "File identification library for Python"
category = "dev"
optional = false
python-versions = ">=3.6.1"

[package.extras]
license = ["ukkonen"]

[[package]]
name = "immutables"
version = "0.19"
description = "Immutable Collections"
category = "main"
optional = false
python-versions = ">=3.6"

[package.dependencies]
typing-extensions = {version = ">=3.7.4.3", markers = "python_version < \"3.8\""}

[package.extras]
test = ["flake8 (>=5.0.4,<5.1.0)", "mypy (==0.971)", "pycodestyle (>=2.9.1,<2.10.0)", "pytest (>=6.2.4,<6.3.0)"]

[[package]]
name = "importlib-metadata"
version = "4.8.3"
description = "Read metadata from Python packages"
category = "dev"
optional = false
python-versions = ">=3.6"

[package.dependencies]
typing-extensions = {version = ">=3.6.4", markers = "python_version < \"3.8\""}
zipp = ">=0.5"

[package.extras]
docs = ["jaraco.packaging (>=8.2)", "rst.linker (>=1.9)", "sphinx"]
perf = ["ipython"]
testing = ["flufl.flake8", "importlib-resources (>=1.3)", "packaging", "pep517", "pyfakefs", "pytest (>=6)", "pytest-black (>=0.3.7)", "pytest-checkdocs (>=2.4)", "pytest-cov", "pytest-enabler (>=1.0.1)", "pytest-flake8", "pytest-mypy", "pytest-perf (>=0.9.2)"]

[[package]]
name = "importlib-resources"
version = "5.2.3"
description = "Read resources from Python packages"
category = "main"
optional = false
python-versions = ">=3.6"

[package.dependencies]
zipp = {version = ">=3.1.0", markers = "python_version < \"3.10\""}

[package.extras]
docs = ["jaraco.packaging (>=8.2)", "rst.linker (>=1.9)", "sphinx"]
testing = ["pytest (>=6)", "pytest-black (>=0.3.7)", "pytest-checkdocs (>=2.4)", "pytest-cov", "pytest-enabler (>=1.0.1)", "pytest-flake8", "pytest-mypy"]

[[package]]
name = "iniconfig"
version = "1.1.1"
description = "iniconfig: brain-dead simple config-ini parsing"
category = "dev"
optional = false
python-versions = "*"

[[package]]
name = "loguru"
version = "0.7.3"
description = "Python logging made (stupidly) simple"
category = "main"
optional = false
python-versions = "<4.0,>=3.5"

[package.dependencies]
aiocontextvars = {version = ">=0.2.0", markers = "python_version < \"3.7\""}
colorama = {version = ">=0.3.4", markers = "sys_platform == \"win32\""}
win32-setctime = {version = ">=1.0.0", markers = "sys_platform == \"win32\""}

[package.extras]
dev = ["Sphinx (==8.1.3)", "build (==1.2.2)", "colorama (==0.4.5)", "colorama (==0.4.6)", "exceptiongroup (==1.1.3)", "freezegun (==1.1.0)", "freezegun (==1.5.0)", "mypy (==v0.910)", "mypy (==v0.971)", "mypy (==v1.13.0)", "mypy (==v1.4.1)", "myst-parser (==4.0.0)", "pre-commit (==4.0.1)", "pytest (==6.1.2)", "pytest (==8.3.2)", "pytest-cov (==2.12.1)", "pytest-cov (==5.0.0)", "pytest-cov (==6.0.0)", "pytest-mypy-plugins (==1.9.3)", "pytest-mypy-plugins (==3.1.0)", "sphinx-rtd-theme (==3.0.2)", "tox (==3.27.1)", "tox (==4.23.2)", "twine (==6.0.1)"]

[[package]]
name = "nodeenv"
version = "1.6.0"
description = "Node.js virtual environment builder"
category = "dev"
optional = false
python-versions = "*"

[[package]]
name = "packaging"
version = "21.3"
description = "Core utilities for Python packages"
category = "dev"
optional = false
python-versions = ">=3.6"

[package.dependencies]
pyparsing = ">=2.0.2,<3.0.5 || >3.0.5"

[[package]]
name = "platformdirs"
version = "2.4.0"
description = "A small Python module for determining appropriate platform-specific dirs, e.g. a \"user data dir\"."
category = "dev"
optional = false
python-versions = ">=3.6"

[package.extras]
docs = ["Sphinx (>=4)", "furo (>=2021.7.5b38)", "proselint (>=0.10.2)", "sphinx-autodoc-typehints (>=1.12)"]
test = ["appdirs (==1.4.4)", "pytest (>=6)", "pytest-cov (>=2.7)", "pytest-mock (>=3.6)"]

[[package]]
name = "pluggy"
version = "1.0.0"
description = "plugin and hook calling mechanisms for python"
category = "dev"
optional = false
python-versions = ">=3.6"

[package.dependencies]
importlib-metadata = {version = ">=0.12", markers = "python_version < \"3.8\""}

[package.extras]
dev = ["pre-commit", "tox"]
testing = ["pytest", "pytest-benchmark"]

[[package]]
name = "pre-commit"
version = "2.17.0"
description = "A framework for managing and maintaining multi-language pre-commit hooks."
category = "dev"
optional = false
python-versions = ">=3.6.1"

[package.dependencies]
cfgv = ">=2.0.0"
identify = ">=1.0.0"
importlib-metadata = {version = "*", markers = "python_version < \"3.8\""}
importlib-resources = {version = "<5.3", markers = "python_version < \"3.7\""}
nodeenv = ">=0.11.1"
pyyaml = ">=5.1"
toml = "*"
virtualenv = ">=20.0.8"

[[package]]
name = "py"
version = "1.11.0"
description = "library with cross-python path, ini-parsing, io, code, log facilities"
category = "dev"
optional = false
python-versions = ">=2.7, !=3.0.*, !=3.1.*, !=3.2.*, !=3.3.*, !=3.4.*"

[[package]]
name = "pydantic"
version = "1.9.2"
description = "Data validation and settings management using python type hints"
category = "main"
optional = false
python-versions = ">=3.6.1"

[package.dependencies]
dataclasses = {version = ">=0.6", markers = "python_version < \"3.7\""}
typing-extensions = ">=3.7.4.3"

[package.extras]
dotenv = ["python-dotenv (>=0.10.4)"]
email = ["email-validator (>=1.0.3)"]

[[package]]
name = "pyparsing"
version = "3.1.4"
description = "pyparsing module - Classes and methods to define and execute parsing grammars"
category = "dev"
optional = false
python-versions = ">=3.6.8"

[package.extras]
diagrams = ["jinja2", "railroad-diagrams"]

[[package]]
name = "pytest"
version = "7.0.1"
description = "pytest: simple powerful testing with Python"
category = "dev"
optional = false
python-versions = ">=3.6"

[package.dependencies]
atomicwrites = {version = ">=1.0", markers = "sys_platform == \"win32\""}
attrs = ">=19.2.0"
colorama = {version = "*", markers = "sys_platform == \"win32\""}
importlib-metadata = {version = ">=0.12", markers = "python_version < \"3.8\""}
iniconfig = "*"
packaging = "*"
pluggy = ">=0.12,<2.0"
py = ">=1.8.2"
tomli = ">=1.0.0"

[package.extras]
testing = ["argcomplete", "hypothesis (>=3.56)", "mock", "nose", "pygments (>=2.7.2)", "requests", "xmlschema"]

[[package]]
name = "pytest-cov"
version = "4.0.0"
description = "Pytest plugin for measuring coverage."
category = "dev"
optional = false
python-versions = ">=3.6"

[package.dependencies]
coverage = {version = ">=5.2.1", extras = ["toml"]}
pytest = ">=4.6"

[package.extras]
testing = ["fields", "hunter", "process-tests", "pytest-xdist", "six", "virtualenv"]

[[package]]
name = "python-dateutil"
version = "2.9.0.post0"
description = "Extensions to the standard Python datetime module"
category = "main"
optional = false
python-versions = "!=3.0.*,!=3.1.*,!=3.2.*,>=2.7"

[package.dependencies]
six = ">=1.5"

[[package]]
name = "pytz"
version = "2025.2"
description = "World timezone definitions, modern and historical"
category = "main"
optional = false
python-versions = "*"

[[package]]
name = "pytz-deprecation-shim"
version = "0.1.0.post0"
description = "Shims to make deprecation of pytz easier"
category = "main"
optional = false
python-versions = "!=3.0.*,!=3.1.*,!=3.2.*,!=3.3.*,!=3.4.*,!=3.5.*,>=2.7"

[package.dependencies]
"backports.zoneinfo" = {version = "*", markers = "python_version >= \"3.6\" and python_version < \"3.9\""}
tzdata = {version = "*", markers = "python_version >= \"3.6\""}

[[package]]
name = "pyyaml"
version = "6.0.1"
description = "YAML parser and emitter for Python"
category = "dev"
optional = false
python-versions = ">=3.6"

[[package]]
name = "regex"
version = "2022.3.2"
description = "Alternative regular expression module, to replace re."
category = "main"
optional = false
python-versions = ">=3.6"

[[package]]
name = "six"
version = "1.17.0"
description = "Python 2 and 3 compatibility utilities"
category = "main"
optional = false
python-versions = "!=3.0.*,!=3.1.*,!=3.2.*,>=2.7"

[[package]]
name = "toml"
version = "0.10.2"
description = "Python Library for Tom's Obvious, Minimal Language"
category = "dev"
optional = false
python-versions = ">=2.6, !=3.0.*, !=3.1.*, !=3.2.*"

[[package]]
name = "tomli"
version = "1.2.3"
description = "A lil' TOML parser"
category = "dev"
optional = false
python-versions = ">=3.6"

[[package]]
name = "typing-extensions"
version = "4.1.1"
description = "Backported and Experimental Type Hints for Python 3.6+"
category = "main"
optional = false
python-versions = ">=3.6"

[[package]]
name = "tzdata"
version = "2025.2"
description = "Provider of IANA time zone data"
category = "main"
optional = false
python-versions = ">=2"

[[package]]
name = "tzlocal"
version = "4.2"
description = "tzinfo object for the local timezone"
category = "main"
optional = false
python-versions = ">=3.6"

[package.dependencies]
"backports.zoneinfo" = {version = "*", markers = "python_version < \"3.9\""}
pytz-deprecation-shim = "*"
tzdata = {version = "*", markers = "platform_system == \"Windows\""}

[package.extras]
devenv = ["black", "pyroma", "pytest-cov", "zest.releaser"]
test = ["pytest (>=4.3)", "pytest-mock (>=3.3)"]

[[package]]
name = "virtualenv"
version = "20.16.2"
description = "Virtual Python Environment builder"
category = "dev"
optional = false
python-versions = ">=3.6"

[package.dependencies]
distlib = ">=0.3.1,<1"
filelock = ">=3.2,<4"
importlib-metadata = {version = ">=0.12", markers = "python_version < \"3.8\""}
importlib-resources = {version = ">=1.0", markers = "python_version < \"3.7\""}
platformdirs = ">=2,<3"

[package.extras]
docs = ["proselint (>=0.10.2)", "sphinx (>=3)", "sphinx-argparse (>=0.2.5)", "sphinx-rtd-theme (>=0.4.3)", "towncrier (>=21.3)"]
testing = ["coverage (>=4)", "coverage-enable-subprocess (>=1)", "flaky (>=3)", "packaging (>=20.0)", "pytest (>=4)", "pytest-env (>=0.6.2)", "pytest-freezegun (>=0.4.1)", "pytest-mock (>=2)", "pytest-randomly (>=1)", "pytest-timeout (>=1)"]

[[package]]
name = "win32-setctime"
version = "1.2.0"
description = "A small Python utility to set file creation time on Windows"
category = "main"
optional = false
python-versions = ">=3.5"

[package.extras]
dev = ["black (>=19.3b0)", "pytest (>=4.6.2)"]

[[package]]
name = "zipp"
version = "3.6.0"
description = "Backport of pathlib-compatible object wrapper for zip files"
category = "main"
optional = false
python-versions = ">=3.6"

[package.extras]
docs = ["jaraco.packaging (>=8.2)", "rst.linker (>=1.9)", "sphinx"]
testing = ["func-timeout", "jaraco.itertools", "pytest (>=4.6)", "pytest-black (>=0.3.7)", "pytest-checkdocs (>=2.4)", "pytest-cov", "pytest-enabler (>=1.0.1)", "pytest-flake8", "pytest-mypy"]

[metadata]
lock-version = "1.1"
python-versions = "3.6.8"
content-hash = "87ddf9511e3857b73d2b763d45f766eda837b028fee88090fa8600e69b6515af"

[metadata.files]
aiocontextvars = [
    {file = "aiocontextvars-0.2.2-py2.py3-none-any.whl", hash = "sha256:885daf8261818767d8f7cbd79f9d4482d118f024b6586ef6e67980236a27bfa3"},
    {file = "aiocontextvars-0.2.2.tar.gz", hash = "sha256:f027372dc48641f683c559f247bd84962becaacdc9ba711d583c3871fb5652aa"},
]
atomicwrites = []
attrs = []
"backports.zoneinfo" = []
cfgv = []
colorama = []
contextvars = [
    {file = "contextvars-2.4.tar.gz", hash = "sha256:f38c908aaa59c14335eeea12abea5f443646216c4e29380d7bf34d2018e2c39e"},
]
coverage = []
dataclasses = []
dateparser = []
distlib = []
filelock = []
identify = []
immutables = [
    {file = "immutables-0.19-cp310-cp310-macosx_10_9_universal2.whl", hash = "sha256:fef6743f8c3098ae46d9a2a3606b04a91c62e216487d91e90ce5c7419da3f803"},
    {file = "immutables-0.19-cp310-cp310-macosx_10_9_x86_64.whl", hash = "sha256:cfb62119b7302a37cb4a1db44234dab9acda60ba93e3c28489969722e85237b7"},
    {file = "immutables-0.19-cp310-cp310-manylinux_2_17_aarch64.manylinux2014_aarch64.whl", hash = "sha256:1d55b886e92ef5abfc4b066f404d956ca5789a2f8f738d448300fba40930a631"},
    {file = "immutables-0.19-cp310-cp310-manylinux_2_5_x86_64.manylinux1_x86_64.manylinux_2_17_x86_64.manylinux2014_x86_64.whl", hash = "sha256:40f1c3ab3ae690a55a2f61039705a110f0e23717d6d8a62a84600fc7cf5934dc"},
    {file = "immutables-0.19-cp310-cp310-musllinux_1_1_aarch64.whl", hash = "sha256:f3096afb376b9b3651a3b92affd1896b4dcefde209f412572f7e3924f6749a49"},
    {file = "immutables-0.19-cp310-cp310-musllinux_1_1_x86_64.whl", hash = "sha256:85bcb5a7c33100c1b2eeb8c71e5f80acab4c9dde074b2c2ca8e3dfb6830ce813"},
    {file = "immutables-0.19-cp310-cp310-win_amd64.whl", hash = "sha256:620c166e76030ca4772ea64e5190f8347a730a0af85b743820d351f211004397"},
    {file = "immutables-0.19-cp311-cp311-macosx_10_9_universal2.whl", hash = "sha256:c1774f298db9d460e50c40dfc9cfe7dd8a0de22c22f1de9a1f9a468daa1201dc"},
    {file = "immutables-0.19-cp311-cp311-macosx_10_9_x86_64.whl", hash = "sha256:24dbdc28779a2b75e06224609f4fc850ba61b7e1b74e32ec808c6430a535be2d"},
    {file = "immutables-0.19-cp311-cp311-manylinux_2_17_aarch64.manylinux2014_aarch64.whl", hash = "sha256:9b8c0a4264e3ba2f025f4517ce67f0d0869106a625dbda08758cbf4dd6b6dd1f"},
    {file = "immutables-0.19-cp311-cp311-manylinux_2_5_x86_64.manylinux1_x86_64.manylinux_2_17_x86_64.manylinux2014_x86_64.whl", hash = "sha256:28d1ee66424c2db998d27ebe0a331c7e09627e54a402848b2897cb6ef4dc4d7e"},
    {file = "immutables-0.19-cp311-cp311-musllinux_1_1_aarch64.whl", hash = "sha256:6f857aec0e0455986fd1f41234c867c3daf5a89ff7f54d493d4eb3c233d36d3c"},
    {file = "immutables-0.19-cp311-cp311-musllinux_1_1_x86_64.whl", hash = "sha256:119c60a05cb35add45c1e592e23a5cbb9db03161bb89d1596b920d9341173982"},
    {file = "immutables-0.19-cp311-cp311-win_amd64.whl", hash = "sha256:3fbad255e404b4cbcf3477b384a1e400bd8f28cbbfc2df8d3885abe3bfc7b909"},
    {file = "immutables-0.19-cp36-cp36m-macosx_10_9_x86_64.whl", hash = "sha256:6660e185354a1cb59ecc130f2b85b50d666d4417be668ce6ba83d4be79f55d34"},
    {file = "immutables-0.19-cp36-cp36m-manylinux_2_17_aarch64.manylinux2014_aarch64.whl", hash = "sha256:37de95c1d79707d95f50d0ab79e067bee52381afc967ff031ac4c822c14f43a8"},
    {file = "immutables-0.19-cp36-cp36m-manylinux_2_5_x86_64.manylinux1_x86_64.manylinux_2_17_x86_64.manylinux2014_x86_64.whl", hash = "sha256:ed61dbc963251bec7281cdb0c148176bbd70519d21fd05bce4c484632cdc3b2c"},
    {file = "immutables-0.19-cp36-cp36m-musllinux_1_1_aarch64.whl", hash = "sha256:7da9356a163993e01785a211b47c6a0038b48d1235b68479a0053c2c4c3cf666"},
    {file = "immutables-0.19-cp36-cp36m-musllinux_1_1_x86_64.whl", hash = "sha256:41d8cae52ea527f9c6dccdf1e1553106c482496acc140523034f91877ccbc103"},
    {file = "immutables-0.19-cp36-cp36m-win_amd64.whl", hash = "sha256:e95f0826f184920adb3cdf830f409f1c1d4e943e4dc50242538c4df9d51eea72"},
    {file = "immutables-0.19-cp37-cp37m-macosx_10_9_x86_64.whl", hash = "sha256:50608784e33c88da8c0e06e75f6725865cf2e345c8f3eeb83cb85111f737e986"},
    {file = "immutables-0.19-cp37-cp37m-manylinux_2_17_aarch64.manylinux2014_aarch64.whl", hash = "sha256:1cbd4d9dc531ee24b2387141a5968e923bb6174d13695e730cde0887aadda557"},
    {file = "immutables-0.19-cp37-cp37m-manylinux_2_5_x86_64.manylinux1_x86_64.manylinux_2_17_x86_64.manylinux2014_x86_64.whl", hash = "sha256:eed8988dc4ebde8d527dbe4dea68cb9fe6d43bc56df60d6015130dc4abd2ab34"},
    {file = "immutables-0.19-cp37-cp37m-musllinux_1_1_aarch64.whl", hash = "sha256:c830c9afc6fcb4a7d6d74230d6290987e664418026a15488ad00d8a3dc5ec743"},
    {file = "immutables-0.19-cp37-cp37m-musllinux_1_1_x86_64.whl", hash = "sha256:7c6cce2e87cd5369234b199037631cfed08e43813a1fdd750807d14404de195b"},
    {file = "immutables-0.19-cp37-cp37m-win_amd64.whl", hash = "sha256:10774f73af07b1648fa02f45f6ff88b3391feda65d4f640159e6eeec10540ece"},
    {file = "immutables-0.19-cp38-cp38-macosx_10_9_universal2.whl", hash = "sha256:a208a945ea817b1455b5b0f9c33c097baf6443b50d749a3dc32ff445e41b81d2"},
    {file = "immutables-0.19-cp38-cp38-macosx_10_9_x86_64.whl", hash = "sha256:25a6225efb5e96fc95d84b2d280e35d8a82a1ae72a12857177d48cc289ac1e03"},
    {file = "immutables-0.19-cp38-cp38-manylinux_2_17_aarch64.manylinux2014_aarch64.whl", hash = "sha256:5c0cf0d94b08e58896acf250cbc4682499c8a256fc6d0ee5c63d76a759a6a228"},
    {file = "immutables-0.19-cp38-cp38-manylinux_2_5_x86_64.manylinux1_x86_64.manylinux_2_17_x86_64.manylinux2014_x86_64.whl", hash = "sha256:64c74c5171f3a97b178b880746743a07b08e7d7f6055370bf04a94d50aea0643"},
    {file = "immutables-0.19-cp38-cp38-musllinux_1_1_aarch64.whl", hash = "sha256:8ababf72ed2a956b28f151d605a7bb1d4e1c59113f53bf2be4a586da3977b319"},
    {file = "immutables-0.19-cp38-cp38-musllinux_1_1_x86_64.whl", hash = "sha256:52a91917c65e6b9cfef7a2d2c3b0e00432a153aa8650785b7ee0897d80226278"},
    {file = "immutables-0.19-cp38-cp38-win_amd64.whl", hash = "sha256:bbe65c23779e12e0ecc3dec2c709ad22b7cc8b163895327bc173ae06a8b73425"},
    {file = "immutables-0.19-cp39-cp39-macosx_10_9_universal2.whl", hash = "sha256:480cc5d62efcac66f9737ae0820acd39d39e516e6fdbcf46cbdc26f11b429fd7"},
    {file = "immutables-0.19-cp39-cp39-macosx_10_9_x86_64.whl", hash = "sha256:2d88ff44e131508def4740964076c3da273baeeb406c1fe139f18373ea4196dd"},
    {file = "immutables-0.19-cp39-cp39-manylinux_2_17_aarch64.manylinux2014_aarch64.whl", hash = "sha256:7fa3148393101b0c4571da523929ae90a5b4bfc933c270a11b802a34a921c608"},
    {file = "immutables-0.19-cp39-cp39-manylinux_2_5_x86_64.manylinux1_x86_64.manylinux_2_17_x86_64.manylinux2014_x86_64.whl", hash = "sha256:0575190a90c3fce6862ccdb09be3344741ff97a96e559893541886d372139f1c"},
    {file = "immutables-0.19-cp39-cp39-musllinux_1_1_aarch64.whl", hash = "sha256:3754b26ef18b5d1009ffdeafc17fbd877a79f0a126e1423069bd8ef51c54302d"},
    {file = "immutables-0.19-cp39-cp39-musllinux_1_1_x86_64.whl", hash = "sha256:648142e16d49f5207ae52ee1b28dfa148206471967b9c9eaa5a9592fd32d5cef"},
    {file = "immutables-0.19-cp39-cp39-win_amd64.whl", hash = "sha256:199db9070ffa1a037e6650ddd63159907a210e4998f932bdf50e70615629db0c"},
    {file = "immutables-0.19.tar.gz", hash = "sha256:df17942d60e8080835fcc5245aa6928ef4c1ed567570ec019185798195048dcf"},
]
importlib-metadata = []
importlib-resources = []
iniconfig = []
loguru = [
    {file = "loguru-0.7.3-py3-none-any.whl", hash = "sha256:31a33c10c8e1e10422bfd431aeb5d351c7cf7fa671e3c4df004162264b28220c"},
    {file = "loguru-0.7.3.tar.gz", hash = "sha256:19480589e77d47b8d85b2c827ad95d49bf31b0dcde16593892eb51dd18706eb6"},
]
nodeenv = []
packaging = []
platformdirs = []
pluggy = []
pre-commit = []
py = []
pydantic = []
pyparsing = []
pytest = []
pytest-cov = []
python-dateutil = []
pytz = []
pytz-deprecation-shim = []
pyyaml = []
regex = []
six = []
toml = []
tomli = []
typing-extensions = []
tzdata = []
tzlocal = []
virtualenv = []
win32-setctime = [
    {file = "win32_setctime-1.2.0-py3-none-any.whl", hash = "sha256:95d644c4e708aba81dc3704a116d8cbc974d70b3bdb8be1d150e36be6e9d1390"},
    {file = "win32_setctime-1.2.0.tar.gz", hash = "sha256:ae1fdf948f5640aae05c511ade119313fb6a30d7eabe25fef9764dca5873c4c0"},
]
zipp = []
